
Microsoft Visual Studio Solution File, Format Version 12.00
# Visual Studio 2012
Project("{FAE04EC0-301F-11D3-BF4B-00C04F79EFBC}") = "XamarinStudio.Cake", "XamarinStudio.Cake\XamarinStudio.Cake.csproj", "{81471228-D527-4E0F-83CC-A809813B5962}"
EndProject
Project("{2150E333-8FDC-42A3-9474-1A3956D46DE8}") = "Solution Items", "Solution Items", "{EFD1454B-C88F-4B77-A3EC-663437825FEF}"
	ProjectSection(SolutionItems) = preProject
		build.cake = build.cake
	EndProjectSection
EndProject
Global
	GlobalSection(SolutionConfigurationPlatforms) = preSolution
		Debug|Any CPU = Debug|Any CPU
		Release|Any CPU = Release|Any CPU
	EndGlobalSection
	GlobalSection(ProjectConfigurationPlatforms) = postSolution
		{81471228-D527-4E0F-83CC-A809813B5962}.Debug|Any CPU.ActiveCfg = Debug|Any CPU
		{81471228-D527-4E0F-83CC-A809813B5962}.Debug|Any CPU.Build.0 = Debug|Any CPU
		{81471228-D527-4E0F-83CC-A809813B5962}.Release|Any CPU.ActiveCfg = Release|Any CPU
		{81471228-D527-4E0F-83CC-A809813B5962}.Release|Any CPU.Build.0 = Release|Any CPU
	EndGlobalSection
EndGlobal
